
Microsoft Visual Studio Solution File, Format Version 12.00
# Visual Studio 2013
VisualStudioVersion = 12.0.40629.0
MinimumVisualStudioVersion = 10.0.40219.1
Project("{FAE04EC0-301F-11D3-BF4B-00C04F79EFBC}") = "Our.Umbraco.AzureLogger.Core", "Our.Umbraco.AzureLogger.Core\Our.Umbraco.AzureLogger.Core.csproj", "{88A427CC-ED74-43FE-BF60-5DD2E6505B5F}"
EndProject
Project("{FAE04EC0-301F-11D3-BF4B-00C04F79EFBC}") = "Our.Umbraco.AzureLogger.Web", "Our.Umbraco.AzureLogger.Web\Our.Umbraco.AzureLogger.Web.csproj", "{FD6F9580-BDCB-4C35-A598-45CD09027AFA}"
EndProject
Project("{2150E333-8FDC-42A3-9474-1A3956D46DE8}") = "Build", "Build", "{2FA73200-A320-4A5D-95AE-B0D181F28A19}"
	ProjectSection(SolutionItems) = preProject
		..\appveyor.yml = ..\appveyor.yml
		..\build-appveyor.cmd = ..\build-appveyor.cmd
		..\build.cmd = ..\build.cmd
		..\build\Our.Umbraco.AzureLogger.proj = ..\build\Our.Umbraco.AzureLogger.proj
		..\build\package.nuspec = ..\build\package.nuspec
		..\build\package.xml = ..\build\package.xml
	EndProjectSection
EndProject
Global
	GlobalSection(SolutionConfigurationPlatforms) = preSolution
		Debug|Any CPU = Debug|Any CPU
		Release|Any CPU = Release|Any CPU
	EndGlobalSection
	GlobalSection(ProjectConfigurationPlatforms) = postSolution
		{88A427CC-ED74-43FE-BF60-5DD2E6505B5F}.Debug|Any CPU.ActiveCfg = Debug|Any CPU
		{88A427CC-ED74-43FE-BF60-5DD2E6505B5F}.Debug|Any CPU.Build.0 = Debug|Any CPU
		{88A427CC-ED74-43FE-BF60-5DD2E6505B5F}.Release|Any CPU.ActiveCfg = Release|Any CPU
		{88A427CC-ED74-43FE-BF60-5DD2E6505B5F}.Release|Any CPU.Build.0 = Release|Any CPU
		{FD6F9580-BDCB-4C35-A598-45CD09027AFA}.Debug|Any CPU.ActiveCfg = Debug|Any CPU
		{FD6F9580-BDCB-4C35-A598-45CD09027AFA}.Debug|Any CPU.Build.0 = Debug|Any CPU
		{FD6F9580-BDCB-4C35-A598-45CD09027AFA}.Release|Any CPU.ActiveCfg = Release|Any CPU
		{FD6F9580-BDCB-4C35-A598-45CD09027AFA}.Release|Any CPU.Build.0 = Release|Any CPU
	EndGlobalSection
	GlobalSection(SolutionProperties) = preSolution
		HideSolutionNode = FALSE
	EndGlobalSection
EndGlobal
